
Microsoft Visual Studio Solution File, Format Version 12.00
# Visual Studio Version 17
VisualStudioVersion = 17.1.32328.378
MinimumVisualStudioVersion = 10.0.40219.1
Project("{FAE04EC0-301F-11D3-BF4B-00C04F79EFBC}") = "BasicWebServer.Server", "BasicWebServer.Server\BasicWebServer.Server.csproj", "{A37ABC88-34A0-451F-83B6-9F23F55C87F9}"
EndProject
Project("{FAE04EC0-301F-11D3-BF4B-00C04F79EFBC}") = "BasicWebServer.Demo", "BasicWebServer.Demo\BasicWebServer.Demo.csproj", "{3B5A2BCE-951B-44F0-9929-F7BEE6660986}"
EndProject
Global
	GlobalSection(SolutionConfigurationPlatforms) = preSolution
		Debug|Any CPU = Debug|Any CPU
		Release|Any CPU = Release|Any CPU
	EndGlobalSection
	GlobalSection(ProjectConfigurationPlatforms) = postSolution
		{A37ABC88-34A0-451F-83B6-9F23F55C87F9}.Debug|Any CPU.ActiveCfg = Debug|Any CPU
		{A37ABC88-34A0-451F-83B6-9F23F55C87F9}.Debug|Any CPU.Build.0 = Debug|Any CPU
		{A37ABC88-34A0-451F-83B6-9F23F55C87F9}.Release|Any CPU.ActiveCfg = Release|Any CPU
		{A37ABC88-34A0-451F-83B6-9F23F55C87F9}.Release|Any CPU.Build.0 = Release|Any CPU
		{3B5A2BCE-951B-44F0-9929-F7BEE6660986}.Debug|Any CPU.ActiveCfg = Debug|Any CPU
		{3B5A2BCE-951B-44F0-9929-F7BEE6660986}.Debug|Any CPU.Build.0 = Debug|Any CPU
		{3B5A2BCE-951B-44F0-9929-F7BEE6660986}.Release|Any CPU.ActiveCfg = Release|Any CPU
		{3B5A2BCE-951B-44F0-9929-F7BEE6660986}.Release|Any CPU.Build.0 = Release|Any CPU
	EndGlobalSection
	GlobalSection(SolutionProperties) = preSolution
		HideSolutionNode = FALSE
	EndGlobalSection
	GlobalSection(ExtensibilityGlobals) = postSolution
		SolutionGuid = {C2177C09-C006-44B5-B62A-430B832ADEB0}
	EndGlobalSection
EndGlobal
